
Microsoft Visual Studio Solution File, Format Version 12.00
# Visual Studio Version 17
VisualStudioVersion = 17.6.33801.468
MinimumVisualStudioVersion = 10.0.40219.1
Project("{9A19103F-16F7-4668-BE54-9A1E7A4F7556}") = "ConsoleApp1", "ConsoleApp1\ConsoleApp1.csproj", "{9E2C5521-7F5A-46E5-8DED-ED2FBAFC6405}"
EndProject
Global
	GlobalSection(SolutionConfigurationPlatforms) = preSolution
		Debug|Any CPU = Debug|Any CPU
		Release|Any CPU = Release|Any CPU
	EndGlobalSection
	GlobalSection(ProjectConfigurationPlatforms) = postSolution
		{9E2C5521-7F5A-46E5-8DED-ED2FBAFC6405}.Debug|Any CPU.ActiveCfg = Debug|Any CPU
		{9E2C5521-7F5A-46E5-8DED-ED2FBAFC6405}.Debug|Any CPU.Build.0 = Debug|Any CPU
		{9E2C5521-7F5A-46E5-8DED-ED2FBAFC6405}.Release|Any CPU.ActiveCfg = Release|Any CPU
		{9E2C5521-7F5A-46E5-8DED-ED2FBAFC6405}.Release|Any CPU.Build.0 = Release|Any CPU
	EndGlobalSection
	GlobalSection(SolutionProperties) = preSolution
		HideSolutionNode = FALSE
	EndGlobalSection
	GlobalSection(ExtensibilityGlobals) = postSolution
		SolutionGuid = {A2F513F9-B2A2-430B-9C5A-A2B0D0E27B1A}
	EndGlobalSection
EndGlobal
